version = 1
revision = 2
requires-python = ">=3.10"

[[package]]
name = "antenna-controller"
version = "0.2.0"
source = { virtual = "." }
dependencies = [
    { name = "pyserial" },
    { name = "textual" },
    { name = "textual-plotext" },
]

[package.metadata]
requires-dist = [
    { name = "pyserial", specifier = ">=3.5,<4" },
    { name = "textual", specifier = ">=8.2,<9" },
    { name = "textual-plotext", specifier = ">=1.0,<2" },
]

[[package]]
name = "linkify-it-py"
version = "2.2.0"
source = { registry = "https://mw-python-repository.mathworks.com/artifactory/api/pypi/pypi-repos/simple" }
sdist = { url = "https://mw-python-repository.mathworks.com/artifactory/api/pypi/pypi-repos/packages/simple/linkify-it-py/linkify_it_py-2.2.0.tar.gz", hash = "sha256:907acd2d17ac1fbb9ddb62c8957ccbd6158cac602231a15c3b0cd1e215f03cee" }
wheels = [
    { url = "https://mw-python-repository.mathworks.com/artifactory/api/pypi/pypi-repos/packages/simple/linkify-it-py/linkify_it_py-2.2.0-py3-none-any.whl", hash = "sha256:3adc40eb5af300b2605fcfdb968c24e1d780a90f1f2221af7c15e5111e94d443" },
]

[[package]]
name = "markdown-it-py"
version = "4.2.0"
source = { registry = "https://mw-python-repository.mathworks.com/artifactory/api/pypi/pypi-repos/simple" }
dependencies = [
    { name = "mdurl" },
]
sdist = { url = "https://mw-python-repository.mathworks.com/artifactory/api/pypi/pypi-repos/packages/simple/markdown-it-py/markdown_it_py-4.2.0.tar.gz", hash = "sha256:04a21681d6fbb623de53f6f364d352309d4094dd4194040a10fd51833e418d49" }
wheels = [
    { url = "https://mw-python-repository.mathworks.com/artifactory/api/pypi/pypi-repos/packages/simple/markdown-it-py/markdown_it_py-4.2.0-py3-none-any.whl", hash = "sha256:9f7ebbcd14fe59494226453aed97c1070d83f8d24b6fc3a3bcf9a38092641c4a" },
]

[package.optional-dependencies]
linkify = [
    { name = "linkify-it-py" },
]

[[package]]
name = "mdit-py-plugins"
version = "0.6.1"
source = { registry = "https://mw-python-repository.mathworks.com/artifactory/api/pypi/pypi-repos/simple" }
dependencies = [
    { name = "markdown-it-py" },
]
sdist = { url = "https://mw-python-repository.mathworks.com/artifactory/api/pypi/pypi-repos/packages/simple/mdit-py-plugins/mdit_py_plugins-0.6.1.tar.gz", hash = "sha256:a2bca0f039f39dbd35fb74ae1b5f998608c437463371f0ff7f49a19a17a114d0" }
wheels = [
    { url = "https://mw-python-repository.mathworks.com/artifactory/api/pypi/pypi-repos/packages/simple/mdit-py-plugins/mdit_py_plugins-0.6.1-py3-none-any.whl", hash = "sha256:214c82fb2ac524472ab6a5bcab1de80f73b50443e187f401bfd77efbc7c6481d" },
]

[[package]]
name = "mdurl"
version = "0.1.2"
source = { registry = "https://mw-python-repository.mathworks.com/artifactory/api/pypi/pypi-repos/simple" }
sdist = { url = "https://mw-python-repository.mathworks.com/artifactory/api/pypi/pypi-repos/packages/simple/mdurl/mdurl-0.1.2.tar.gz", hash = "sha256:bb413d29f5eea38f31dd4754dd7377d4465116fb207585f97bf925588687c1ba" }
wheels = [
    { url = "https://mw-python-repository.mathworks.com/artifactory/api/pypi/pypi-repos/packages/simple/mdurl/mdurl-0.1.2-py3-none-any.whl", hash = "sha256:84008a41e51615a49fc9966191ff91509e3c40b939176e643fd50a5c2196b8f8" },
]

[[package]]
name = "platformdirs"
version = "4.12.1"
source = { registry = "https://mw-python-repository.mathworks.com/artifactory/api/pypi/pypi-repos/simple" }
sdist = { url = "https://mw-python-repository.mathworks.com/artifactory/api/pypi/pypi-repos/packages/simple/platformdirs/platformdirs-4.12.1.tar.gz", hash = "sha256:38da801a4af303033cbffccb39030db22bf0473e6414309b02acebeee7ca8bf1" }
wheels = [
    { url = "https://mw-python-repository.mathworks.com/artifactory/api/pypi/pypi-repos/packages/simple/platformdirs/platformdirs-4.12.1-py3-none-any.whl", hash = "sha256:7f251621befae78b2cb74616f9fc99d3fa3db0afba5035987731f8dcd430337d" },
]

[[package]]
name = "plotext"
version = "5.3.2"
source = { registry = "https://mw-python-repository.mathworks.com/artifactory/api/pypi/pypi-repos/simple" }
sdist = { url = "https://mw-python-repository.mathworks.com/artifactory/api/pypi/pypi-repos/packages/simple/plotext/plotext-5.3.2.tar.gz", hash = "sha256:52d1e932e67c177bf357a3f0fe6ce14d1a96f7f7d5679d7b455b929df517068e" }
wheels = [
    { url = "https://mw-python-repository.mathworks.com/artifactory/api/pypi/pypi-repos/packages/simple/plotext/plotext-5.3.2-py3-none-any.whl", hash = "sha256:394362349c1ddbf319548cfac17ca65e6d5dfc03200c40dfdc0503b3e95a2283" },
]

[[package]]
name = "pygments"
version = "2.21.0"
source = { registry = "https://mw-python-repository.mathworks.com/artifactory/api/pypi/pypi-repos/simple" }
sdist = { url = "https://mw-python-repository.mathworks.com/artifactory/api/pypi/pypi-repos/packages/simple/pygments/pygments-2.21.0.tar.gz", hash = "sha256:610ca751c9bc2492b38eb9a38a7fbc93edbbb2d7182edaf34e66ae493dee5c8c" }
wheels = [
    { url = "https://mw-python-repository.mathworks.com/artifactory/api/pypi/pypi-repos/packages/simple/pygments/pygments-2.21.0-py3-none-any.whl", hash = "sha256:2363c69b61c4a97c838da3b130dcd6468f4848992b21a82f2a63ec34377137d9" },
]

[[package]]
name = "pyserial"
version = "3.5"
source = { registry = "https://mw-python-repository.mathworks.com/artifactory/api/pypi/pypi-repos/simple" }
sdist = { url = "https://mw-python-repository.mathworks.com/artifactory/api/pypi/pypi-repos/packages/simple/pyserial/pyserial-3.5.tar.gz", hash = "sha256:3c77e014170dfffbd816e6ffc205e9842efb10be9f58ec16d3e8675b4925cddb" }
wheels = [
    { url = "https://mw-python-repository.mathworks.com/artifactory/api/pypi/pypi-repos/packages/simple/pyserial/pyserial-3.5-py2.py3-none-any.whl", hash = "sha256:c4451db6ba391ca6ca299fb3ec7bae67a5c55dde170964c7a14ceefec02f2cf0" },
]

[[package]]
name = "rich"
version = "15.0.0"
source = { registry = "https://mw-python-repository.mathworks.com/artifactory/api/pypi/pypi-repos/simple" }
dependencies = [
    { name = "markdown-it-py" },
    { name = "pygments" },
]
sdist = { url = "https://mw-python-repository.mathworks.com/artifactory/api/pypi/pypi-repos/packages/simple/rich/rich-15.0.0.tar.gz", hash = "sha256:edd07a4824c6b40189fb7ac9bc4c52536e9780fbbfbddf6f1e2502c31b068c36" }
wheels = [
    { url = "https://mw-python-repository.mathworks.com/artifactory/api/pypi/pypi-repos/packages/simple/rich/rich-15.0.0-py3-none-any.whl", hash = "sha256:33bd4ef74232fb73fe9279a257718407f169c09b78a87ad3d296f548e27de0bb" },
]

[[package]]
name = "textual"
version = "8.2.8"
source = { registry = "https://mw-python-repository.mathworks.com/artifactory/api/pypi/pypi-repos/simple" }
dependencies = [
    { name = "markdown-it-py", extra = ["linkify"] },
    { name = "mdit-py-plugins" },
    { name = "platformdirs" },
    { name = "pygments" },
    { name = "rich" },
    { name = "typing-extensions" },
]
sdist = { url = "https://mw-python-repository.mathworks.com/artifactory/api/pypi/pypi-repos/packages/simple/textual/textual-8.2.8.tar.gz", hash = "sha256:3f106a9fbc73e39dd266c9712432087de78a6d644084c7c241d6a25c3169115b" }
wheels = [
    { url = "https://mw-python-repository.mathworks.com/artifactory/api/pypi/pypi-repos/packages/simple/textual/textual-8.2.8-py3-none-any.whl", hash = "sha256:267375fd402dc8d981457212efa71f0e3365fd17bba144ba9bb3ed7563cb374a" },
]

[[package]]
name = "textual-plotext"
version = "1.0.1"
source = { registry = "https://mw-python-repository.mathworks.com/artifactory/api/pypi/pypi-repos/simple" }
dependencies = [
    { name = "plotext" },
    { name = "textual" },
]
sdist = { url = "https://mw-python-repository.mathworks.com/artifactory/api/pypi/pypi-repos/packages/simple/textual-plotext/textual_plotext-1.0.1.tar.gz", hash = "sha256:836f53a3316756609e194129a35c2875638e7958c261f541e0a794f7c98011be" }
wheels = [
    { url = "https://mw-python-repository.mathworks.com/artifactory/api/pypi/pypi-repos/packages/simple/textual-plotext/textual_plotext-1.0.1-py3-none-any.whl", hash = "sha256:6b6bfd00b29f121ddf216eaaf9bdac9d688ed72f40028484d279a10cbbb169ed" },
]

[[package]]
name = "typing-extensions"
version = "4.16.0"
source = { registry = "https://mw-python-repository.mathworks.com/artifactory/api/pypi/pypi-repos/simple" }
sdist = { url = "https://mw-python-repository.mathworks.com/artifactory/api/pypi/pypi-repos/packages/simple/typing-extensions/typing_extensions-4.16.0.tar.gz", hash = "sha256:dc983d19a509c94dba722ee6abd33940f7c05a89e243c47e907eb4db6f1a43e5" }
wheels = [
    { url = "https://mw-python-repository.mathworks.com/artifactory/api/pypi/pypi-repos/packages/simple/typing-extensions/typing_extensions-4.16.0-py3-none-any.whl", hash = "sha256:481caa481374e813c1b176ada14e97f1f67a4539ce9cfeb3f350d78d6370c2e8" },
]
